
Microsoft Visual Studio Solution File, Format Version 12.00
# Visual Studio Version 16
VisualStudioVersion = 16.0.31410.357
MinimumVisualStudioVersion = 10.0.40219.1
Project("{FAE04EC0-301F-11D3-BF4B-00C04F79EFBC}") = "JosePokerApp", "JosePokerApp\JosePokerApp.csproj", "{E942B030-5FD2-4E3C-9E12-7F6AC9CEDEEB}"
EndProject
Global
	GlobalSection(SolutionConfigurationPlatforms) = preSolution
		Debug|Any CPU = Debug|Any CPU
		Release|Any CPU = Release|Any CPU
	EndGlobalSection
	GlobalSection(ProjectConfigurationPlatforms) = postSolution
		{E942B030-5FD2-4E3C-9E12-7F6AC9CEDEEB}.Debug|Any CPU.ActiveCfg = Debug|Any CPU
		{E942B030-5FD2-4E3C-9E12-7F6AC9CEDEEB}.Debug|Any CPU.Build.0 = Debug|Any CPU
		{E942B030-5FD2-4E3C-9E12-7F6AC9CEDEEB}.Release|Any CPU.ActiveCfg = Release|Any CPU
		{E942B030-5FD2-4E3C-9E12-7F6AC9CEDEEB}.Release|Any CPU.Build.0 = Release|Any CPU
	EndGlobalSection
	GlobalSection(SolutionProperties) = preSolution
		HideSolutionNode = FALSE
	EndGlobalSection
	GlobalSection(ExtensibilityGlobals) = postSolution
		SolutionGuid = {498ECDCC-75A3-42D5-8BA4-8A2BDD6FAC70}
	EndGlobalSection
EndGlobal
